NeoBundleLock vim-over 1e64e0947087e7e28be0cc6e93214af055c6701b
NeoBundleLock neosnippet 23327c4379b45798fb5b3e644adb77208c8ce68d
NeoBundleLock neobundle.vim 4a3bb7fb323b62f571c22ff15139fe996dc60ac8
NeoBundleLock lightline.vim 22b269a50dcc591eee83bb6d6d0d6dce0641329c
NeoBundleLock neosnippet-snippets 975a2e9e0eca6ae9daea83779bf4d0651d328e08
NeoBundleLock neocomplete.vim f9bfc3066a79176ba350b4f3fef8ce6764711b39
NeoBundleLock caw.vim 20b15cfe78ac5cde0e17b495e9256fe1b4577987
